
Microsoft Visual Studio Solution File, Format Version 12.00
# Visual Studio Version 17
VisualStudioVersion = 17.8.34330.188
MinimumVisualStudioVersion = 10.0.40219.1
Project("{FAE04EC0-301F-11D3-BF4B-00C04F79EFBC}") = "Aspose.Page.Drawing.Examples.CSharp", "Aspose.Page.Examples.CSharp\Aspose.Page.Drawing.NET.7.Examples.CSharp.csproj", "{C8001FA0-09F6-4A49-B1BE-0F5F3CD321E1}"
EndProject
Global
	GlobalSection(SolutionConfigurationPlatforms) = preSolution
		Debug|Any CPU = Debug|Any CPU
		Release|Any CPU = Release|Any CPU
	EndGlobalSection
	GlobalSection(ProjectConfigurationPlatforms) = postSolution
		{C8001FA0-09F6-4A49-B1BE-0F5F3CD321E1}.Debug|Any CPU.ActiveCfg = Debug|Any CPU
		{C8001FA0-09F6-4A49-B1BE-0F5F3CD321E1}.Debug|Any CPU.Build.0 = Debug|Any CPU
		{C8001FA0-09F6-4A49-B1BE-0F5F3CD321E1}.Release|Any CPU.ActiveCfg = Release|Any CPU
		{C8001FA0-09F6-4A49-B1BE-0F5F3CD321E1}.Release|Any CPU.Build.0 = Release|Any CPU
	EndGlobalSection
	GlobalSection(SolutionProperties) = preSolution
		HideSolutionNode = FALSE
	EndGlobalSection
	GlobalSection(ExtensibilityGlobals) = postSolution
		SolutionGuid = {E9BEA3FC-5286-4D17-AD1F-40388F838869}
	EndGlobalSection
EndGlobal
